
Microsoft Visual Studio Solution File, Format Version 12.00
# Visual Studio 14
VisualStudioVersion = 14.0.25420.1
MinimumVisualStudioVersion = 10.0.40219.1
Project("{FAE04EC0-301F-11D3-BF4B-00C04F79EFBC}") = "WatchShop.Api", "src\WatchShop.Api\WatchShop.Api.csproj", "{0EDF2E4B-B5D5-445D-96D5-E057D184B44D}"
EndProject
Project("{FAE04EC0-301F-11D3-BF4B-00C04F79EFBC}") = "WatchShop.Domain", "src\WatchShop.Domain\WatchShop.Domain.csproj", "{8C009437-4FC6-4535-A27B-2AFE6E47E50E}"
EndProject
Project("{FAE04EC0-301F-11D3-BF4B-00C04F79EFBC}") = "Hal.Engine", "src\Hal.Engine\Hal.Engine.csproj", "{881B8AAA-28F1-43A6-9800-5DFBB4F7B440}"
EndProject
Global
	GlobalSection(SolutionConfigurationPlatforms) = preSolution
		Debug|Any CPU = Debug|Any CPU
		Release|Any CPU = Release|Any CPU
	EndGlobalSection
	GlobalSection(ProjectConfigurationPlatforms) = postSolution
		{0EDF2E4B-B5D5-445D-96D5-E057D184B44D}.Debug|Any CPU.ActiveCfg = Debug|Any CPU
		{0EDF2E4B-B5D5-445D-96D5-E057D184B44D}.Debug|Any CPU.Build.0 = Debug|Any CPU
		{0EDF2E4B-B5D5-445D-96D5-E057D184B44D}.Release|Any CPU.ActiveCfg = Release|Any CPU
		{0EDF2E4B-B5D5-445D-96D5-E057D184B44D}.Release|Any CPU.Build.0 = Release|Any CPU
		{8C009437-4FC6-4535-A27B-2AFE6E47E50E}.Debug|Any CPU.ActiveCfg = Debug|Any CPU
		{8C009437-4FC6-4535-A27B-2AFE6E47E50E}.Debug|Any CPU.Build.0 = Debug|Any CPU
		{8C009437-4FC6-4535-A27B-2AFE6E47E50E}.Release|Any CPU.ActiveCfg = Release|Any CPU
		{8C009437-4FC6-4535-A27B-2AFE6E47E50E}.Release|Any CPU.Build.0 = Release|Any CPU
		{881B8AAA-28F1-43A6-9800-5DFBB4F7B440}.Debug|Any CPU.ActiveCfg = Debug|Any CPU
		{881B8AAA-28F1-43A6-9800-5DFBB4F7B440}.Debug|Any CPU.Build.0 = Debug|Any CPU
		{881B8AAA-28F1-43A6-9800-5DFBB4F7B440}.Release|Any CPU.ActiveCfg = Release|Any CPU
		{881B8AAA-28F1-43A6-9800-5DFBB4F7B440}.Release|Any CPU.Build.0 = Release|Any CPU
	EndGlobalSection
	GlobalSection(SolutionProperties) = preSolution
		HideSolutionNode = FALSE
	EndGlobalSection
EndGlobal
